// !$*UTF8*$!
{
	archiveVersion = 1;
	classes = {
	};
	objectVersion = 46;
	objects = {

/* Begin PBXBuildFile section */
		492A3A0A1C8870A700C29FE3 /* PSCarouseCollectionCell.swift in Sources */ = {isa = PBXBuildFile; fileRef = 492A3A081C8870A700C29FE3 /* PSCarouseCollectionCell.swift */; };
		492A3A0B1C8870A700C29FE3 /* PSCarouseCollectionCell.xib in Resources */ = {isa = PBXBuildFile; fileRef = 492A3A091C8870A700C29FE3 /* PSCarouseCollectionCell.xib */; };
		492A3A0D1C88726600C29FE3 /* PSCarouselView.swift in Sources */ = {isa = PBXBuildFile; fileRef = 492A3A0C1C88726600C29FE3 /* PSCarouselView.swift */; };
		495130061C85E34900C52738 /* AppDelegate.swift in Sources */ = {isa = PBXBuildFile; fileRef = 495130051C85E34900C52738 /* AppDelegate.swift */; };
		495130081C85E34900C52738 /* ViewController.swift in Sources */ = {isa = PBXBuildFile; fileRef = 495130071C85E34900C52738 /* ViewController.swift */; };
		4951300B1C85E34900C52738 /* Main.storyboard in Resources */ = {isa = PBXBuildFile; fileRef = 495130091C85E34900C52738 /* Main.storyboard */; };
		4951300D1C85E34900C52738 /* Assets.xcassets in Resources */ = {isa = PBXBuildFile; fileRef = 4951300C1C85E34900C52738 /* Assets.xcassets */; };
		495130101C85E34A00C52738 /* LaunchScreen.storyboard in Resources */ = {isa = PBXBuildFile; fileRef = 4951300E1C85E34A00C52738 /* LaunchScreen.storyboard */; };
		49E171491C85ED5400F5141A /* loading.png in Resources */ = {isa = PBXBuildFile; fileRef = 49E171481C85ED5400F5141A /* loading.png */; };
		7F1332A228F0FB2BB1F00351 /* Pods.framework in Frameworks */ = {isa = PBXBuildFile; fileRef = E2FEC7F9A3D619E9007F8DB7 /* Pods.framework */; };
/* End PBXBuildFile section */

/* Begin PBXFileReference section */
		492A3A081C8870A700C29FE3 /* PSCarouseCollectionCell.swift */ = {isa = PBXFileReference; fileEncoding = 4; lastKnownFileType = sourcecode.swift; path = PSCarouseCollectionCell.swift; sourceTree = "<group>"; };
		492A3A091C8870A700C29FE3 /* PSCarouseCollectionCell.xib */ = {isa = PBXFileReference; fileEncoding = 4; lastKnownFileType = file.xib; path = PSCarouseCollectionCell.xib; sourceTree = "<group>"; };
		492A3A0C1C88726600C29FE3 /* PSCarouselView.swift */ = {isa = PBXFileReference; fileEncoding = 4; lastKnownFileType = sourcecode.swift; path = PSCarouselView.swift; sourceTree = "<group>"; };
		495130021C85E34900C52738 /* Project06_PSCarouselView.app */ = {isa = PBXFileReference; explicitFileType = wrapper.application; includeInIndex = 0; path = Project06_PSCarouselView.app; sourceTree = BUILT_PRODUCTS_DIR; };
		495130051C85E34900C52738 /* AppDelegate.swift */ = {isa = PBXFileReference; lastKnownFileType = sourcecode.swift; path = AppDelegate.swift; sourceTree = "<group>"; };
		495130071C85E34900C52738 /* ViewController.swift */ = {isa = PBXFileReference; lastKnownFileType = sourcecode.swift; path = ViewController.swift; sourceTree = "<group>"; };
		4951300A1C85E34900C52738 /* Base */ = {isa = PBXFileReference; lastKnownFileType = file.storyboard; name = Base; path = Base.lproj/Main.storyboard; sourceTree = "<group>"; };
		4951300C1C85E34900C52738 /* Assets.xcassets */ = {isa = PBXFileReference; lastKnownFileType = folder.assetcatalog; path = Assets.xcassets; sourceTree = "<group>"; };
		4951300F1C85E34A00C52738 /* Base */ = {isa = PBXFileReference; lastKnownFileType = file.storyboard; name = Base; path = Base.lproj/LaunchScreen.storyboard; sourceTree = "<group>"; };
		495130111C85E34A00C52738 /* Info.plist */ = {isa = PBXFileReference; lastKnownFileType = text.plist.xml; path = Info.plist; sourceTree = "<group>"; };
		49E171481C85ED5400F5141A /* loading.png */ = {isa = PBXFileReference; lastKnownFileType = image.png; path = loading.png; sourceTree = "<group>"; };
		969A44432A92D793E2D72FBE /* Pods.debug.xcconfig */ = {isa = PBXFileReference; includeInIndex = 1; lastKnownFileType = text.xcconfig; name = Pods.debug.xcconfig; path = "Pods/Target Support Files/Pods/Pods.debug.xcconfig"; sourceTree = "<group>"; };
		DF434AE0C4A80C94C978A5C5 /* Pods.release.xcconfig */ = {isa = PBXFileReference; includeInIndex = 1; lastKnownFileType = text.xcconfig; name = Pods.release.xcconfig; path = "Pods/Target Support Files/Pods/Pods.release.xcconfig"; sourceTree = "<group>"; };
		E2FEC7F9A3D619E9007F8DB7 /* Pods.framework */ = {isa = PBXFileReference; explicitFileType = wrapper.framework; includeInIndex = 0; path = Pods.framework; sourceTree = BUILT_PRODUCTS_DIR; };
/* End PBXFileReference section */

/* Begin PBXFrameworksBuildPhase section */
		49512FFF1C85E34900C52738 /* Frameworks */ = {
			isa = PBXFrameworksBuildPhase;
			buildActionMask = 2147483647;
			files = (
				7F1332A228F0FB2BB1F00351 /* Pods.framework in Frameworks */,
			);
			runOnlyForDeploymentPostprocessing = 0;
		};
/* End PBXFrameworksBuildPhase section */

/* Begin PBXGroup section */
		49512FF91C85E34900C52738 = {
			isa = PBXGroup;
			children = (
				495130041C85E34900C52738 /* Project06_PSCarouselView */,
				495130031C85E34900C52738 /* Products */,
				DCB3635217BE40E1540C1B88 /* Pods */,
				E73DC4A057F0FCD22D20755E /* Frameworks */,
			);
			sourceTree = "<group>";
		};
		495130031C85E34900C52738 /* Products */ = {
			isa = PBXGroup;
			children = (
				495130021C85E34900C52738 /* Project06_PSCarouselView.app */,
			);
			name = Products;
			sourceTree = "<group>";
		};
		495130041C85E34900C52738 /* Project06_PSCarouselView */ = {
			isa = PBXGroup;
			children = (
				495130051C85E34900C52738 /* AppDelegate.swift */,
				495130071C85E34900C52738 /* ViewController.swift */,
				495130091C85E34900C52738 /* Main.storyboard */,
				4951300C1C85E34900C52738 /* Assets.xcassets */,
				4951300E1C85E34A00C52738 /* LaunchScreen.storyboard */,
				495130111C85E34A00C52738 /* Info.plist */,
				49E171481C85ED5400F5141A /* loading.png */,
				492A3A081C8870A700C29FE3 /* PSCarouseCollectionCell.swift */,
				492A3A091C8870A700C29FE3 /* PSCarouseCollectionCell.xib */,
				492A3A0C1C88726600C29FE3 /* PSCarouselView.swift */,
			);
			path = Project06_PSCarouselView;
			sourceTree = "<group>";
		};
		DCB3635217BE40E1540C1B88 /* Pods */ = {
			isa = PBXGroup;
			children = (
				969A44432A92D793E2D72FBE /* Pods.debug.xcconfig */,
				DF434AE0C4A80C94C978A5C5 /* Pods.release.xcconfig */,
			);
			name = Pods;
			sourceTree = "<group>";
		};
		E73DC4A057F0FCD22D20755E /* Frameworks */ = {
			isa = PBXGroup;
			children = (
				E2FEC7F9A3D619E9007F8DB7 /* Pods.framework */,
			);
			name = Frameworks;
			sourceTree = "<group>";
		};
/* End PBXGroup section */

/* Begin PBXNativeTarget section */
		495130011C85E34900C52738 /* Project06_PSCarouselView */ = {
			isa = PBXNativeTarget;
			buildConfigurationList = 495130141C85E34A00C52738 /* Build configuration list for PBXNativeTarget "Project06_PSCarouselView" */;
			buildPhases = (
				2CED18A16E764536A60D0889 /* Check Pods Manifest.lock */,
				49512FFE1C85E34900C52738 /* Sources */,
				49512FFF1C85E34900C52738 /* Frameworks */,
				495130001C85E34900C52738 /* Resources */,
				CE1CBCB6C8B1951FCCA58700 /* Embed Pods Frameworks */,
				C37582185011B072EF7A92D7 /* Copy Pods Resources */,
			);
			buildRules = (
			);
			dependencies = (
			);
			name = Project06_PSCarouselView;
			productName = Project06_PSCarouselView;
			productReference = 495130021C85E34900C52738 /* Project06_PSCarouselView.app */;
			productType = "com.apple.product-type.application";
		};
/* End PBXNativeTarget section */

/* Begin PBXProject section */
		49512FFA1C85E34900C52738 /* Project object */ = {
			isa = PBXProject;
			attributes = {
				LastSwiftUpdateCheck = 0720;
				LastUpgradeCheck = 0720;
				ORGANIZATIONNAME = jiangchao;
				TargetAttributes = {
					495130011C85E34900C52738 = {
						CreatedOnToolsVersion = 7.2.1;
					};
				};
			};
			buildConfigurationList = 49512FFD1C85E34900C52738 /* Build configuration list for PBXProject "Project06_PSCarouselView" */;
			compatibilityVersion = "Xcode 3.2";
			developmentRegion = English;
			hasScannedForEncodings = 0;
			knownRegions = (
				en,
				Base,
			);
			mainGroup = 49512FF91C85E34900C52738;
			productRefGroup = 495130031C85E34900C52738 /* Products */;
			projectDirPath = "";
			projectRoot = "";
			targets = (
				495130011C85E34900C52738 /* Project06_PSCarouselView */,
			);
		};
/* End PBXProject section */

/* Begin PBXResourcesBuildPhase section */
		495130001C85E34900C52738 /* Resources */ = {
			isa = PBXResourcesBuildPhase;
			buildActionMask = 2147483647;
			files = (
				492A3A0B1C8870A700C29FE3 /* PSCarouseCollectionCell.xib in Resources */,
				49E171491C85ED5400F5141A /* loading.png in Resources */,
				495130101C85E34A00C52738 /* LaunchScreen.storyboard in Resources */,
				4951300D1C85E34900C52738 /* Assets.xcassets in Resources */,
				4951300B1C85E34900C52738 /* Main.storyboard in Resources */,
			);
			runOnlyForDeploymentPostprocessing = 0;
		};
/* End PBXResourcesBuildPhase section */

/* Begin PBXShellScriptBuildPhase section */
		2CED18A16E764536A60D0889 /* Check Pods Manifest.lock */ = {
			isa = PBXShellScriptBuildPhase;
			buildActionMask = 2147483647;
			files = (
			);
			inputPaths = (
			);
			name = "Check Pods Manifest.lock";
			outputPaths = (
			);
			runOnlyForDeploymentPostprocessing = 0;
			shellPath = /bin/sh;
			shellScript = "diff \"${PODS_ROOT}/../Podfile.lock\" \"${PODS_ROOT}/Manifest.lock\" > /dev/null\nif [[ $? != 0 ]] ; then\n    cat << EOM\nerror: The sandbox is not in sync with the Podfile.lock. Run 'pod install' or update your CocoaPods installation.\nEOM\n    exit 1\nfi\n";
			showEnvVarsInLog = 0;
		};
		C37582185011B072EF7A92D7 /* Copy Pods Resources */ = {
			isa = PBXShellScriptBuildPhase;
			buildActionMask = 2147483647;
			files = (
			);
			inputPaths = (
			);
			name = "Copy Pods Resources";
			outputPaths = (
			);
			runOnlyForDeploymentPostprocessing = 0;
			shellPath = /bin/sh;
			shellScript = "\"${SRCROOT}/Pods/Target Support Files/Pods/Pods-resources.sh\"\n";
			showEnvVarsInLog = 0;
		};
		CE1CBCB6C8B1951FCCA58700 /* Embed Pods Frameworks */ = {
			isa = PBXShellScriptBuildPhase;
			buildActionMask = 2147483647;
			files = (
			);
			inputPaths = (
			);
			name = "Embed Pods Frameworks";
			outputPaths = (
			);
			runOnlyForDeploymentPostprocessing = 0;
			shellPath = /bin/sh;
			shellScript = "\"${SRCROOT}/Pods/Target Support Files/Pods/Pods-frameworks.sh\"\n";
			showEnvVarsInLog = 0;
		};
/* End PBXShellScriptBuildPhase section */

/* Begin PBXSourcesBuildPhase section */
		49512FFE1C85E34900C52738 /* Sources */ = {
			isa = PBXSourcesBuildPhase;
			buildActionMask = 2147483647;
			files = (
				495130081C85E34900C52738 /* ViewController.swift in Sources */,
				492A3A0A1C8870A700C29FE3 /* PSCarouseCollectionCell.swift in Sources */,
				495130061C85E34900C52738 /* AppDelegate.swift in Sources */,
				492A3A0D1C88726600C29FE3 /* PSCarouselView.swift in Sources */,
			);
			runOnlyForDeploymentPostprocessing = 0;
		};
/* End PBXSourcesBuildPhase section */

/* Begin PBXVariantGroup section */
		495130091C85E34900C52738 /* Main.storyboard */ = {
			isa = PBXVariantGroup;
			children = (
				4951300A1C85E34900C52738 /* Base */,
			);
			name = Main.storyboard;
			sourceTree = "<group>";
		};
		4951300E1C85E34A00C52738 /* LaunchScreen.storyboard */ = {
			isa = PBXVariantGroup;
			children = (
				4951300F1C85E34A00C52738 /* Base */,
			);
			name = LaunchScreen.storyboard;
			sourceTree = "<group>";
		};
/* End PBXVariantGroup section */

/* Begin XCBuildConfiguration section */
		495130121C85E34A00C52738 /* Debug */ = {
			isa = XCBuildConfiguration;
			buildSettings = {
				ALWAYS_SEARCH_USER_PATHS = NO;
				CLANG_CXX_LANGUAGE_STANDARD = "gnu++0x";
				CLANG_CXX_LIBRARY = "libc++";
				CLANG_ENABLE_MODULES = YES;
				CLANG_ENABLE_OBJC_ARC = YES;
				CLANG_WARN_BOOL_CONVERSION = YES;
				CLANG_WARN_CONSTANT_CONVERSION = YES;
				CLANG_WARN_DIRECT_OBJC_ISA_USAGE = YES_ERROR;
				CLANG_WARN_EMPTY_BODY = YES;
				CLANG_WARN_ENUM_CONVERSION = YES;
				CLANG_WARN_INT_CONVERSION = YES;
				CLANG_WARN_OBJC_ROOT_CLASS = YES_ERROR;
				CLANG_WARN_UNREACHABLE_CODE = YES;
				CLANG_WARN__DUPLICATE_METHOD_MATCH = YES;
				"CODE_SIGN_IDENTITY[sdk=iphoneos*]" = "iPhone Developer";
				COPY_PHASE_STRIP = NO;
				DEBUG_INFORMATION_FORMAT = dwarf;
				ENABLE_STRICT_OBJC_MSGSEND = YES;
				ENABLE_TESTABILITY = YES;
				GCC_C_LANGUAGE_STANDARD = gnu99;
				GCC_DYNAMIC_NO_PIC = NO;
				GCC_NO_COMMON_BLOCKS = YES;
				GCC_OPTIMIZATION_LEVEL = 0;
				GCC_PREPROCESSOR_DEFINITIONS = (
					"DEBUG=1",
					"$(inherited)",
				);
				GCC_WARN_64_TO_32_BIT_CONVERSION = YES;
				GCC_WARN_ABOUT_RETURN_TYPE = YES_ERROR;
				GCC_WARN_UNDECLARED_SELECTOR = YES;
				GCC_WARN_UNINITIALIZED_AUTOS = YES_AGGRESSIVE;
				GCC_WARN_UNUSED_FUNCTION = YES;
				GCC_WARN_UNUSED_VARIABLE = YES;
				IPHONEOS_DEPLOYMENT_TARGET = 9.2;
				MTL_ENABLE_DEBUG_INFO = YES;
				ONLY_ACTIVE_ARCH = YES;
				SDKROOT = iphoneos;
				SWIFT_OPTIMIZATION_LEVEL = "-Onone";
				TARGETED_DEVICE_FAMILY = "1,2";
			};
			name = Debug;
		};
		495130131C85E34A00C52738 /* Release */ = {
			isa = XCBuildConfiguration;
			buildSettings = {
				ALWAYS_SEARCH_USER_PATHS = NO;
				CLANG_CXX_LANGUAGE_STANDARD = "gnu++0x";
				CLANG_CXX_LIBRARY = "libc++";
				CLANG_ENABLE_MODULES = YES;
				CLANG_ENABLE_OBJC_ARC = YES;
				CLANG_WARN_BOOL_CONVERSION = YES;
				CLANG_WARN_CONSTANT_CONVERSION = YES;
				CLANG_WARN_DIRECT_OBJC_ISA_USAGE = YES_ERROR;
				CLANG_WARN_EMPTY_BODY = YES;
				CLANG_WARN_ENUM_CONVERSION = YES;
				CLANG_WARN_INT_CONVERSION = YES;
				CLANG_WARN_OBJC_ROOT_CLASS = YES_ERROR;
				CLANG_WARN_UNREACHABLE_CODE = YES;
				CLANG_WARN__DUPLICATE_METHOD_MATCH = YES;
				"CODE_SIGN_IDENTITY[sdk=iphoneos*]" = "iPhone Developer";
				COPY_PHASE_STRIP = NO;
				DEBUG_INFORMATION_FORMAT = "dwarf-with-dsym";
				ENABLE_NS_ASSERTIONS = NO;
				ENABLE_STRICT_OBJC_MSGSEND = YES;
				GCC_C_LANGUAGE_STANDARD = gnu99;
				GCC_NO_COMMON_BLOCKS = YES;
				GCC_WARN_64_TO_32_BIT_CONVERSION = YES;
				GCC_WARN_ABOUT_RETURN_TYPE = YES_ERROR;
				GCC_WARN_UNDECLARED_SELECTOR = YES;
				GCC_WARN_UNINITIALIZED_AUTOS = YES_AGGRESSIVE;
				GCC_WARN_UNUSED_FUNCTION = YES;
				GCC_WARN_UNUSED_VARIABLE = YES;
				IPHONEOS_DEPLOYMENT_TARGET = 9.2;
				MTL_ENABLE_DEBUG_INFO = NO;
				SDKROOT = iphoneos;
				TARGETED_DEVICE_FAMILY = "1,2";
				VALIDATE_PRODUCT = YES;
			};
			name = Release;
		};
		495130151C85E34A00C52738 /* Debug */ = {
			isa = XCBuildConfiguration;
			baseConfigurationReference = 969A44432A92D793E2D72FBE /* Pods.debug.xcconfig */;
			buildSettings = {
				ASSETCATALOG_COMPILER_APPICON_NAME = AppIcon;
				INFOPLIST_FILE = Project06_PSCarouselView/Info.plist;
				LD_RUNPATH_SEARCH_PATHS = "$(inherited) @executable_path/Frameworks";
				PRODUCT_BUNDLE_IDENTIFIER = "VEEX.Project06-PSCarouselView";
				PRODUCT_NAME = "$(TARGET_NAME)";
			};
			name = Debug;
		};
		495130161C85E34A00C52738 /* Release */ = {
			isa = XCBuildConfiguration;
			baseConfigurationReference = DF434AE0C4A80C94C978A5C5 /* Pods.release.xcconfig */;
			buildSettings = {
				ASSETCATALOG_COMPILER_APPICON_NAME = AppIcon;
				INFOPLIST_FILE = Project06_PSCarouselView/Info.plist;
				LD_RUNPATH_SEARCH_PATHS = "$(inherited) @executable_path/Frameworks";
				PRODUCT_BUNDLE_IDENTIFIER = "VEEX.Project06-PSCarouselView";
				PRODUCT_NAME = "$(TARGET_NAME)";
			};
			name = Release;
		};
/* End XCBuildConfiguration section */

/* Begin XCConfigurationList section */
		49512FFD1C85E34900C52738 /* Build configuration list for PBXProject "Project06_PSCarouselView" */ = {
			isa = XCConfigurationList;
			buildConfigurations = (
				495130121C85E34A00C52738 /* Debug */,
				495130131C85E34A00C52738 /* Release */,
			);
			defaultConfigurationIsVisible = 0;
			defaultConfigurationName = Release;
		};
		495130141C85E34A00C52738 /* Build configuration list for PBXNativeTarget "Project06_PSCarouselView" */ = {
			isa = XCConfigurationList;
			buildConfigurations = (
				495130151C85E34A00C52738 /* Debug */,
				495130161C85E34A00C52738 /* Release */,
			);
			defaultConfigurationIsVisible = 0;
			defaultConfigurationName = Release;
		};
/* End XCConfigurationList section */
	};
	rootObject = 49512FFA1C85E34900C52738 /* Project object */;
}
