// !$*UTF8*$!
{
	archiveVersion = 1;
	classes = {
	};
	objectVersion = 46;
	objects = {

/* Begin PBXBuildFile section */
		49ED8A641C7CB15C0091C84C /* AppDelegate.swift in Sources */ = {isa = PBXBuildFile; fileRef = 49ED8A631C7CB15C0091C84C /* AppDelegate.swift */; };
		49ED8A661C7CB15C0091C84C /* ViewController.swift in Sources */ = {isa = PBXBuildFile; fileRef = 49ED8A651C7CB15C0091C84C /* ViewController.swift */; };
		49ED8A691C7CB15C0091C84C /* Main.storyboard in Resources */ = {isa = PBXBuildFile; fileRef = 49ED8A671C7CB15C0091C84C /* Main.storyboard */; };
		49ED8A6B1C7CB15C0091C84C /* Assets.xcassets in Resources */ = {isa = PBXBuildFile; fileRef = 49ED8A6A1C7CB15C0091C84C /* Assets.xcassets */; };
		49ED8A6E1C7CB15C0091C84C /* LaunchScreen.storyboard in Resources */ = {isa = PBXBuildFile; fileRef = 49ED8A6C1C7CB15C0091C84C /* LaunchScreen.storyboard */; };
/* End PBXBuildFile section */

/* Begin PBXFileReference section */
		49ED8A601C7CB15C0091C84C /* Project02_CustomFont.app */ = {isa = PBXFileReference; explicitFileType = wrapper.application; includeInIndex = 0; path = Project02_CustomFont.app; sourceTree = BUILT_PRODUCTS_DIR; };
		49ED8A631C7CB15C0091C84C /* AppDelegate.swift */ = {isa = PBXFileReference; lastKnownFileType = sourcecode.swift; path = AppDelegate.swift; sourceTree = "<group>"; };
		49ED8A651C7CB15C0091C84C /* ViewController.swift */ = {isa = PBXFileReference; lastKnownFileType = sourcecode.swift; path = ViewController.swift; sourceTree = "<group>"; };
		49ED8A681C7CB15C0091C84C /* Base */ = {isa = PBXFileReference; lastKnownFileType = file.storyboard; name = Base; path = Base.lproj/Main.storyboard; sourceTree = "<group>"; };
		49ED8A6A1C7CB15C0091C84C /* Assets.xcassets */ = {isa = PBXFileReference; lastKnownFileType = folder.assetcatalog; path = Assets.xcassets; sourceTree = "<group>"; };
		49ED8A6D1C7CB15C0091C84C /* Base */ = {isa = PBXFileReference; lastKnownFileType = file.storyboard; name = Base; path = Base.lproj/LaunchScreen.storyboard; sourceTree = "<group>"; };
		49ED8A6F1C7CB15C0091C84C /* Info.plist */ = {isa = PBXFileReference; lastKnownFileType = text.plist.xml; path = Info.plist; sourceTree = "<group>"; };
/* End PBXFileReference section */

/* Begin PBXFrameworksBuildPhase section */
		49ED8A5D1C7CB15C0091C84C /* Frameworks */ = {
			isa = PBXFrameworksBuildPhase;
			buildActionMask = 2147483647;
			files = (
			);
			runOnlyForDeploymentPostprocessing = 0;
		};
/* End PBXFrameworksBuildPhase section */

/* Begin PBXGroup section */
		49ED8A571C7CB15C0091C84C = {
			isa = PBXGroup;
			children = (
				49ED8A621C7CB15C0091C84C /* Project02_CustomFont */,
				49ED8A611C7CB15C0091C84C /* Products */,
			);
			sourceTree = "<group>";
		};
		49ED8A611C7CB15C0091C84C /* Products */ = {
			isa = PBXGroup;
			children = (
				49ED8A601C7CB15C0091C84C /* Project02_CustomFont.app */,
			);
			name = Products;
			sourceTree = "<group>";
		};
		49ED8A621C7CB15C0091C84C /* Project02_CustomFont */ = {
			isa = PBXGroup;
			children = (
				49ED8A631C7CB15C0091C84C /* AppDelegate.swift */,
				49ED8A651C7CB15C0091C84C /* ViewController.swift */,
				49ED8A671C7CB15C0091C84C /* Main.storyboard */,
				49ED8A6A1C7CB15C0091C84C /* Assets.xcassets */,
				49ED8A6C1C7CB15C0091C84C /* LaunchScreen.storyboard */,
				49ED8A6F1C7CB15C0091C84C /* Info.plist */,
			);
			path = Project02_CustomFont;
			sourceTree = "<group>";
		};
/* End PBXGroup section */

/* Begin PBXNativeTarget section */
		49ED8A5F1C7CB15C0091C84C /* Project02_CustomFont */ = {
			isa = PBXNativeTarget;
			buildConfigurationList = 49ED8A721C7CB15C0091C84C /* Build configuration list for PBXNativeTarget "Project02_CustomFont" */;
			buildPhases = (
				49ED8A5C1C7CB15C0091C84C /* Sources */,
				49ED8A5D1C7CB15C0091C84C /* Frameworks */,
				49ED8A5E1C7CB15C0091C84C /* Resources */,
			);
			buildRules = (
			);
			dependencies = (
			);
			name = Project02_CustomFont;
			productName = Project02_CustomFont;
			productReference = 49ED8A601C7CB15C0091C84C /* Project02_CustomFont.app */;
			productType = "com.apple.product-type.application";
		};
/* End PBXNativeTarget section */

/* Begin PBXProject section */
		49ED8A581C7CB15C0091C84C /* Project object */ = {
			isa = PBXProject;
			attributes = {
				LastSwiftUpdateCheck = 0720;
				LastUpgradeCheck = 0720;
				ORGANIZATIONNAME = jiangchao;
				TargetAttributes = {
					49ED8A5F1C7CB15C0091C84C = {
						CreatedOnToolsVersion = 7.2.1;
					};
				};
			};
			buildConfigurationList = 49ED8A5B1C7CB15C0091C84C /* Build configuration list for PBXProject "Project02_CustomFont" */;
			compatibilityVersion = "Xcode 3.2";
			developmentRegion = English;
			hasScannedForEncodings = 0;
			knownRegions = (
				en,
				Base,
			);
			mainGroup = 49ED8A571C7CB15C0091C84C;
			productRefGroup = 49ED8A611C7CB15C0091C84C /* Products */;
			projectDirPath = "";
			projectRoot = "";
			targets = (
				49ED8A5F1C7CB15C0091C84C /* Project02_CustomFont */,
			);
		};
/* End PBXProject section */

/* Begin PBXResourcesBuildPhase section */
		49ED8A5E1C7CB15C0091C84C /* Resources */ = {
			isa = PBXResourcesBuildPhase;
			buildActionMask = 2147483647;
			files = (
				49ED8A6E1C7CB15C0091C84C /* LaunchScreen.storyboard in Resources */,
				49ED8A6B1C7CB15C0091C84C /* Assets.xcassets in Resources */,
				49ED8A691C7CB15C0091C84C /* Main.storyboard in Resources */,
			);
			runOnlyForDeploymentPostprocessing = 0;
		};
/* End PBXResourcesBuildPhase section */

/* Begin PBXSourcesBuildPhase section */
		49ED8A5C1C7CB15C0091C84C /* Sources */ = {
			isa = PBXSourcesBuildPhase;
			buildActionMask = 2147483647;
			files = (
				49ED8A661C7CB15C0091C84C /* ViewController.swift in Sources */,
				49ED8A641C7CB15C0091C84C /* AppDelegate.swift in Sources */,
			);
			runOnlyForDeploymentPostprocessing = 0;
		};
/* End PBXSourcesBuildPhase section */

/* Begin PBXVariantGroup section */
		49ED8A671C7CB15C0091C84C /* Main.storyboard */ = {
			isa = PBXVariantGroup;
			children = (
				49ED8A681C7CB15C0091C84C /* Base */,
			);
			name = Main.storyboard;
			sourceTree = "<group>";
		};
		49ED8A6C1C7CB15C0091C84C /* LaunchScreen.storyboard */ = {
			isa = PBXVariantGroup;
			children = (
				49ED8A6D1C7CB15C0091C84C /* Base */,
			);
			name = LaunchScreen.storyboard;
			sourceTree = "<group>";
		};
/* End PBXVariantGroup section */

/* Begin XCBuildConfiguration section */
		49ED8A701C7CB15C0091C84C /* Debug */ = {
			isa = XCBuildConfiguration;
			buildSettings = {
				ALWAYS_SEARCH_USER_PATHS = NO;
				CLANG_CXX_LANGUAGE_STANDARD = "gnu++0x";
				CLANG_CXX_LIBRARY = "libc++";
				CLANG_ENABLE_MODULES = YES;
				CLANG_ENABLE_OBJC_ARC = YES;
				CLANG_WARN_BOOL_CONVERSION = YES;
				CLANG_WARN_CONSTANT_CONVERSION = YES;
				CLANG_WARN_DIRECT_OBJC_ISA_USAGE = YES_ERROR;
				CLANG_WARN_EMPTY_BODY = YES;
				CLANG_WARN_ENUM_CONVERSION = YES;
				CLANG_WARN_INT_CONVERSION = YES;
				CLANG_WARN_OBJC_ROOT_CLASS = YES_ERROR;
				CLANG_WARN_UNREACHABLE_CODE = YES;
				CLANG_WARN__DUPLICATE_METHOD_MATCH = YES;
				"CODE_SIGN_IDENTITY[sdk=iphoneos*]" = "iPhone Developer";
				COPY_PHASE_STRIP = NO;
				DEBUG_INFORMATION_FORMAT = dwarf;
				ENABLE_STRICT_OBJC_MSGSEND = YES;
				ENABLE_TESTABILITY = YES;
				GCC_C_LANGUAGE_STANDARD = gnu99;
				GCC_DYNAMIC_NO_PIC = NO;
				GCC_NO_COMMON_BLOCKS = YES;
				GCC_OPTIMIZATION_LEVEL = 0;
				GCC_PREPROCESSOR_DEFINITIONS = (
					"DEBUG=1",
					"$(inherited)",
				);
				GCC_WARN_64_TO_32_BIT_CONVERSION = YES;
				GCC_WARN_ABOUT_RETURN_TYPE = YES_ERROR;
				GCC_WARN_UNDECLARED_SELECTOR = YES;
				GCC_WARN_UNINITIALIZED_AUTOS = YES_AGGRESSIVE;
				GCC_WARN_UNUSED_FUNCTION = YES;
				GCC_WARN_UNUSED_VARIABLE = YES;
				IPHONEOS_DEPLOYMENT_TARGET = 9.2;
				MTL_ENABLE_DEBUG_INFO = YES;
				ONLY_ACTIVE_ARCH = YES;
				SDKROOT = iphoneos;
				SWIFT_OPTIMIZATION_LEVEL = "-Onone";
				TARGETED_DEVICE_FAMILY = "1,2";
			};
			name = Debug;
		};
		49ED8A711C7CB15C0091C84C /* Release */ = {
			isa = XCBuildConfiguration;
			buildSettings = {
				ALWAYS_SEARCH_USER_PATHS = NO;
				CLANG_CXX_LANGUAGE_STANDARD = "gnu++0x";
				CLANG_CXX_LIBRARY = "libc++";
				CLANG_ENABLE_MODULES = YES;
				CLANG_ENABLE_OBJC_ARC = YES;
				CLANG_WARN_BOOL_CONVERSION = YES;
				CLANG_WARN_CONSTANT_CONVERSION = YES;
				CLANG_WARN_DIRECT_OBJC_ISA_USAGE = YES_ERROR;
				CLANG_WARN_EMPTY_BODY = YES;
				CLANG_WARN_ENUM_CONVERSION = YES;
				CLANG_WARN_INT_CONVERSION = YES;
				CLANG_WARN_OBJC_ROOT_CLASS = YES_ERROR;
				CLANG_WARN_UNREACHABLE_CODE = YES;
				CLANG_WARN__DUPLICATE_METHOD_MATCH = YES;
				"CODE_SIGN_IDENTITY[sdk=iphoneos*]" = "iPhone Developer";
				COPY_PHASE_STRIP = NO;
				DEBUG_INFORMATION_FORMAT = "dwarf-with-dsym";
				ENABLE_NS_ASSERTIONS = NO;
				ENABLE_STRICT_OBJC_MSGSEND = YES;
				GCC_C_LANGUAGE_STANDARD = gnu99;
				GCC_NO_COMMON_BLOCKS = YES;
				GCC_WARN_64_TO_32_BIT_CONVERSION = YES;
				GCC_WARN_ABOUT_RETURN_TYPE = YES_ERROR;
				GCC_WARN_UNDECLARED_SELECTOR = YES;
				GCC_WARN_UNINITIALIZED_AUTOS = YES_AGGRESSIVE;
				GCC_WARN_UNUSED_FUNCTION = YES;
				GCC_WARN_UNUSED_VARIABLE = YES;
				IPHONEOS_DEPLOYMENT_TARGET = 9.2;
				MTL_ENABLE_DEBUG_INFO = NO;
				SDKROOT = iphoneos;
				TARGETED_DEVICE_FAMILY = "1,2";
				VALIDATE_PRODUCT = YES;
			};
			name = Release;
		};
		49ED8A731C7CB15C0091C84C /* Debug */ = {
			isa = XCBuildConfiguration;
			buildSettings = {
				ASSETCATALOG_COMPILER_APPICON_NAME = AppIcon;
				INFOPLIST_FILE = Project02_CustomFont/Info.plist;
				LD_RUNPATH_SEARCH_PATHS = "$(inherited) @executable_path/Frameworks";
				PRODUCT_BUNDLE_IDENTIFIER = "VEEX.Project02-CustomFont";
				PRODUCT_NAME = "$(TARGET_NAME)";
			};
			name = Debug;
		};
		49ED8A741C7CB15C0091C84C /* Release */ = {
			isa = XCBuildConfiguration;
			buildSettings = {
				ASSETCATALOG_COMPILER_APPICON_NAME = AppIcon;
				INFOPLIST_FILE = Project02_CustomFont/Info.plist;
				LD_RUNPATH_SEARCH_PATHS = "$(inherited) @executable_path/Frameworks";
				PRODUCT_BUNDLE_IDENTIFIER = "VEEX.Project02-CustomFont";
				PRODUCT_NAME = "$(TARGET_NAME)";
			};
			name = Release;
		};
/* End XCBuildConfiguration section */

/* Begin XCConfigurationList section */
		49ED8A5B1C7CB15C0091C84C /* Build configuration list for PBXProject "Project02_CustomFont" */ = {
			isa = XCConfigurationList;
			buildConfigurations = (
				49ED8A701C7CB15C0091C84C /* Debug */,
				49ED8A711C7CB15C0091C84C /* Release */,
			);
			defaultConfigurationIsVisible = 0;
			defaultConfigurationName = Release;
		};
		49ED8A721C7CB15C0091C84C /* Build configuration list for PBXNativeTarget "Project02_CustomFont" */ = {
			isa = XCConfigurationList;
			buildConfigurations = (
				49ED8A731C7CB15C0091C84C /* Debug */,
				49ED8A741C7CB15C0091C84C /* Release */,
			);
			defaultConfigurationIsVisible = 0;
		};
/* End XCConfigurationList section */
	};
	rootObject = 49ED8A581C7CB15C0091C84C /* Project object */;
}
